
Microsoft Visual Studio Solution File, Format Version 12.00
# Visual Studio Version 17
VisualStudioVersion = 17.8.34511.84
MinimumVisualStudioVersion = 10.0.40219.1
Project("{FAE04EC0-301F-11D3-BF4B-00C04F79EFBC}") = "TagHelpers_andApiTelegram", "TagHelpers_andApiTelegram\TagHelpers_andApiTelegram.csproj", "{32D95682-EA23-4EEC-940B-4AC1D17E6F22}"
EndProject
Global
	GlobalSection(SolutionConfigurationPlatforms) = preSolution
		Debug|Any CPU = Debug|Any CPU
		Release|Any CPU = Release|Any CPU
	EndGlobalSection
	GlobalSection(ProjectConfigurationPlatforms) = postSolution
		{32D95682-EA23-4EEC-940B-4AC1D17E6F22}.Debug|Any CPU.ActiveCfg = Debug|Any CPU
		{32D95682-EA23-4EEC-940B-4AC1D17E6F22}.Debug|Any CPU.Build.0 = Debug|Any CPU
		{32D95682-EA23-4EEC-940B-4AC1D17E6F22}.Release|Any CPU.ActiveCfg = Release|Any CPU
		{32D95682-EA23-4EEC-940B-4AC1D17E6F22}.Release|Any CPU.Build.0 = Release|Any CPU
	EndGlobalSection
	GlobalSection(SolutionProperties) = preSolution
		HideSolutionNode = FALSE
	EndGlobalSection
	GlobalSection(ExtensibilityGlobals) = postSolution
		SolutionGuid = {312C46C0-FEA9-4E11-B564-4CEA163E2A81}
	EndGlobalSection
EndGlobal
